{
  "name": "frontend",
  "version": "0.0.0",
  "lockfileVersion": 3,
  "requires": true,
  "packages": {
    "": {
      "name": "frontend",
      "version": "0.0.0",
      "dependencies": {
        "@hookform/resolvers": "^5.6.0",
        "@radix-ui/react-dialog": "^1.1.23",
        "@radix-ui/react-dropdown-menu": "^2.1.24",
        "@radix-ui/react-label": "^2.1.15",
        "@radix-ui/react-popover": "^1.1.23",
        "@radix-ui/react-select": "^2.3.7",
        "@radix-ui/react-separator": "^1.1.15",
        "@radix-ui/react-slot": "^1.3.3",
        "@tanstack/react-query": "^5.101.4",
        "axios": "^1.19.0",
        "class-variance-authority": "^0.7.1",
        "clsx": "^2.1.1",
        "lucide-react": "^1.28.0",
        "react": "^19.2.8",
        "react-dom": "^19.2.8",
        "react-hook-form": "^7.84.0",
        "react-router-dom": "^7.18.2",
        "sonner": "^2.0.7",
        "tailwind-merge": "^3.6.0",
        "tailwindcss-animate": "^1.0.7",
        "zod": "^4.4.3"
      },
      "devDependencies": {
        "@tailwindcss/vite": "^4.3.3",
        "@types/node": "^24.13.3",
        "@types/react": "^19.2.17",
        "@types/react-dom": "^19.2.3",
        "@vitejs/plugin-react": "^6.0.4",
        "oxlint": "^1.75.0",
        "tailwindcss": "^4.3.3",
        "typescript": "~6.0.2",
        "vite": "^8.2.0"
      }
    },
    "node_modules/@hookform/resolvers": {
      "version": "5.6.0",
      "resolved": "https://registry.npmjs.org/@hookform/resolvers/-/resolvers-5.6.0.tgz",
      "integrity": "sha512-9Kxn55lfqNCN0bG4dKrVWg5c3kVu1GE9bAW2X3FT7TvPr7LfXlqXJM9sU7sKL5j3JwrCCNe3j2CxNRgMUuBWg==",
      "engines": {
        "node": ">=12.22.0"
      },
      "peerDependencies": {
        "react-hook-form": "^7.0.0"
      }
    },
    "node_modules/@radix-ui/react-dialog": {
      "version": "1.1.23",
      "resolved": "https://registry.npmjs.org/@radix-ui/react-dialog/-/react-dialog-1.1.23.tgz",
      "integrity": "sha512-rL0sB8FFkU9sSYfKZFOg9s8GlhTT9yTuBk5xBR/pR0Sm5v1mlvB1d8JIzYZrAW/EIB8l9T8N6RRxC84M9jqmA=="
    },
    "node_modules/@radix-ui/react-dropdown-menu": {
      "version": "2.1.24",
      "resolved": "https://registry.npmjs.org/@radix-ui/react-dropdown-menu/-/react-dropdown-menu-2.1.24.tgz",
      "integrity": "sha512-HMG8H4yjEVP4DQxaWVXBDCEcqJ5C2LbBokIMz3lRvTCTyNKcHdJRBpTVc3dGNiHb3iqy6dJJJRNTw5nJ6WKCA=="
    },
    "node_modules/@radix-ui/react-label": {
      "version": "2.1.15",
      "resolved": "https://registry.npmjs.org/@radix-ui/react-label/-/react-label-2.1.15.tgz",
      "integrity": "sha512-2dCiKdXf24ADsVPaY3MZw4mMjDPNtLmIKpPDQFo8L/+J0b8EjKr3T8BKdXXVKXZqC/aIbhyWJGXQZGBKhk72g=="
    },
    "node_modules/@radix-ui/react-popover": {
      "version": "1.1.23",
      "resolved": "https://registry.npmjs.org/@radix-ui/react-popover/-/react-popover-1.1.23.tgz",
      "integrity": "sha512-xvBWPVWjWcG23s6iZ4Ss+M1ssFGCM4Sxlw6nGNYKJwHvFvStHhvzLQ7EUBJzGDEJzFCjVN+dTJ4MLb6S8MCDA=="
    },
    "node_modules/@radix-ui/react-select": {
      "version": "2.3.7",
      "resolved": "https://registry.npmjs.org/@radix-ui/react-select/-/react-select-2.3.7.tgz",
      "integrity": "sha512-Vv4cI7yvDh+NNVhOu8B0FpE8PB7LU7wKYEUvmk9RrLN8GBvQQV3YqILK0K/F9sRcLEYwIuGb2M0TTr/wgUcPg=="
    },
    "node_modules/@radix-ui/react-separator": {
      "version": "1.1.15",
      "resolved": "https://registry.npmjs.org/@radix-ui/react-separator/-/react-separator-1.1.15.tgz",
      "integrity": "sha512-hcJ9JlLNWxh3tPfT1sWCk6Tmo49t+7Ck6d3UXtbhTu8Ey7+3M5ZJ9HvUZCnfL7f/BQVkLXwMvuOb6cWA8XkdA=="
    },
    "node_modules/@radix-ui/react-slot": {
      "version": "1.3.3",
      "resolved": "https://registry.npmjs.org/@radix-ui/react-slot/-/react-slot-1.3.3.tgz",
      "integrity": "sha512-g2vqJEbhHhiHmfBMqnJo7KlhP3D/Mst3gq5zRq7jtGfPNs2hCxppJLWx+zFHKNP+TM3L/ueNh7vYHK1C3+VCQ=="
    },
    "node_modules/@tanstack/react-query": {
      "version": "5.101.4",
      "resolved": "https://registry.npmjs.org/@tanstack/react-query/-/react-query-5.101.4.tgz",
      "integrity": "sha512-cz1NQxMUlDo5v0y35zyMI7KJt1S30lVV2z/4dQ3ekkYGm1zW5RKLTQdxMfqLZi2kVh6QLN8j9U8U6L3kxSjAA=="
    },
    "node_modules/axios": {
      "version": "1.19.0",
      "resolved": "https://registry.npmjs.org/axios/-/axios-1.19.0.tgz",
      "integrity": "sha512-u3wRBg/rXjZfZ1Iou/VHQr4/Wc0wIVUhfm7oGHlWrmQyLu8jVuHVS5V9IVPz+PN1MkZCsYS39rwI49I8eTiDQ=="
    },
    "node_modules/class-variance-authority": {
      "version": "0.7.1",
      "resolved": "https://registry.npmjs.org/class-variance-authority/-/class-variance-authority-0.7.1.tgz",
      "integrity": "sha512-aWNmZuARbAH0gEYGSVvJRO+Fkt+0qUX/KyMqFpXhL3CgFPJ9BI5ixT3V9+6nwPzNSpJ7QY9Ks+aTKFKEMqEYg=="
    },
    "node_modules/clsx": {
      "version": "2.1.1",
      "resolved": "https://registry.npmjs.org/clsx/-/clsx-2.1.1.tgz",
      "integrity": "sha512-eYm0QWBtPLU0ubZJinsVQl3GIG+nlLH16O5/GeqQiB4jVesN7tese/2N7ace6rY9UEIcb3B3+5gBQnstD6lqw=="
    },
    "node_modules/lucide-react": {
      "version": "1.28.0",
      "resolved": "https://registry.npmjs.org/lucide-react/-/lucide-react-1.28.0.tgz",
      "integrity": "sha512-qpwP3C8W8qPuPBzKGl2qiNs/wuQd5hXz/DX6MbQHGbkRgWXpV/mOqVNQCNaWjXM0OhpYGhpCCUyGqW9PpYQbA==",
      "engines": {
        "node": ">=12"
      },
      "peerDependencies": {
        "react": "^16.5.1 || ^17.0.0 || ^18.0.0 || ^19.0.0 || ^19.0.0-rc"
      }
    },
    "node_modules/react": {
      "version": "19.2.8",
      "resolved": "https://registry.npmjs.org/react/-/react-19.2.8.tgz",
      "integrity": "sha512-VUaF5Lcc6i8qajWTZfuXnSxgw0c5gZHcMiYECG6hf7U3pF6TchXKx3YEZ1xnkdM9C4Jqxmz3s8QQwfPvPVnhw=="
    },
    "node_modules/react-dom": {
      "version": "19.2.8",
      "resolved": "https://registry.npmjs.org/react-dom/-/react-dom-19.2.8.tgz",
      "integrity": "sha512-rDjzMNFtuN8wjNKRYdOZ1BrC/W/hYAP1w8z+YkKJJNOPRzPIzfBKZvELviBqnGIWTSEppYJFr0aF3iYnbvnKw=="
    },
    "node_modules/react-hook-form": {
      "version": "7.84.0",
      "resolved": "https://registry.npmjs.org/react-hook-form/-/react-hook-form-7.84.0.tgz",
      "integrity": "sha512-rlH6pNX5oExBj4N4cXQSJ9lPTTHX0+4jFJaWyJ3wEJW0YStVOqLlJBUB4xH8+YO85LXHJQMmAjvJ3phKUGXCg=="
    },
    "node_modules/react-router-dom": {
      "version": "7.18.2",
      "resolved": "https://registry.npmjs.org/react-router-dom/-/react-router-dom-7.18.2.tgz",
      "integrity": "sha512-c/jBV8F1U9LEVz3Rrp3kRPgFLAKwjqZDR8OQ8DhFALKddkpz+KJfPE8ItPDsW1e0qsC/1/18YtB0PVi9F5lJA=="
    },
    "node_modules/sonner": {
      "version": "2.0.7",
      "resolved": "https://registry.npmjs.org/sonner/-/sonner-2.0.7.tgz",
      "integrity": "sha512-qm1NKLJmGfQKa4Yf2H5OqFNqY/rqSZjWrHqOBmUHCILW0NX2EfBHiB6D5yEcHxU1/Z6PjNCBfFU3+Og7NG9vQ=="
    },
    "node_modules/tailwind-merge": {
      "version": "3.6.0",
      "resolved": "https://registry.npmjs.org/tailwind-merge/-/tailwind-merge-3.6.0.tgz",
      "integrity": "sha512-YC3jJjhKqAJy5LQrJ3x8Lq8Y3j0LgC6xEJDz1kWNd0H3NHvngR8PxCjqY9anV4V0dZHhK45OlWn3pxfkwZuDA=="
    },
    "node_modules/tailwindcss-animate": {
      "version": "1.0.7",
      "resolved": "https://registry.npmjs.org/tailwindcss-animate/-/tailwindcss-animate-1.0.7.tgz",
      "integrity": "sha512-bl6mpH3T7I3UFxUkpeKwCao5u5wYAcZWmFBE8o3onNe8kqQmVWqcHSOX1YyBjM2vJzxnCHWc6bo/EgtN/yIfA=="
    },
    "node_modules/zod": {
      "version": "4.4.3",
      "resolved": "https://registry.npmjs.org/zod/-/zod-4.4.3.tgz",
      "integrity": "sha512-Pv+9z8X1Kbz6TpXmN7fkWQrOF5wKdW7RzSM3zBXCNvE/WdCK7Z3cB4m3l3xLpUOvPBJsFhMXlSk7bVb+0V/w=="
    },
    "node_modules/@tailwindcss/vite": {
      "version": "4.3.3",
      "resolved": "https://registry.npmjs.org/@tailwindcss/vite/-/vite-4.3.3.tgz",
      "integrity": "sha512-xW4m4r5p1d2YIBRO+5qZVX2D8MxPR3GFQ5v4nQcR4hX3Y7eHmJ1lYXCvj3eNPfJgPb7dFVrOIDGvjqIQQRxmQ==",
      "dev": true
    },
    "node_modules/@types/node": {
      "version": "24.13.3",
      "resolved": "https://registry.npmjs.org/@types/node/-/node-24.13.3.tgz",
      "integrity": "sha512-R9Q9GfSbJ/eIKt/cbaOHKxngU7AzKnU3kEwHGBXqXy9MZBw2tIDGWWMNjgwcW4Jra/KPKPKg3WNhBhAo3OWCg==",
      "dev": true
    },
    "node_modules/@types/react": {
      "version": "19.2.17",
      "resolved": "https://registry.npmjs.org/@types/react/-/react-19.2.17.tgz",
      "integrity": "sha512-W+Bz9/zZJ/xG8J4gLwrXlk5zQMNH+BHJQvXh0z6wuV3F5y0iqJZr+DxnYQyX3wn9bELMbA4VDKlcJE3VqKdkA=="
    },
    "node_modules/@types/react-dom": {
      "version": "19.2.3",
      "resolved": "https://registry.npmjs.org/@types/react-dom/-/react-dom-19.2.3.tgz",
      "integrity": "sha512-Y1H0wZCz4gEQy/CTPamMdmILmqPWfBblQz9ZbnLKWXyVW6k40RNYQ5N/+LBq7+8C5GzSfBkAHmMYKXpk0sAKwg=="
    },
    "node_modules/@vitejs/plugin-react": {
      "version": "6.0.4",
      "resolved": "https://registry.npmjs.org/@vitejs/plugin-react/-/plugin-react-6.0.4.tgz",
      "integrity": "sha512-cYCvPHuFkGLT5u0/p/Z9NYzjPM3K5wgPYLpuJvWXRLCwfvL73Y3ckBqKTzDUFIHm0R2cWNIqE2BzPKlUHqY6w=="
    },
    "node_modules/oxlint": {
      "version": "1.75.0",
      "resolved": "https://registry.npmjs.org/oxlint/-/oxlint-1.75.0.tgz",
      "integrity": "sha512-QOVLzf+KGfGrP4wnNH8G7JvKVKKuAOcgf1VnFxDMSFW9kZ+L8c4B5c0J0E7/cAVfHNbFBjI4f0cLQWz8qAq8A==",
      "dev": true,
      "engines": {
        "node": ">=18"
      }
    },
    "node_modules/tailwindcss": {
      "version": "4.3.3",
      "resolved": "https://registry.npmjs.org/tailwindcss/-/tailwindcss-4.3.3.tgz",
      "integrity": "sha512-WoU14l2G2tXGj/Wv6KQJwU0T6f1M+8BoSN1V3wRzLH0EW0e4h4d7gON2nxqbYP5wQhbA7kZi6TKnVMgLNHDLA==",
      "dev": true,
      "engines": {
        "node": ">=18"
      }
    },
    "node_modules/typescript": {
      "version": "6.0.2",
      "resolved": "https://registry.npmjs.org/typescript/-/typescript-6.0.2.tgz",
      "integrity": "sha512-Ij8A90EirN0sQtIDR3nMbMB0U0jt++dxvgLXANXOSa2CGSZXmR8vO7yYXmDKV/C9JrKvXRFwdsmvl1Lq5xGPQ==",
      "dev": true
    },
    "node_modules/vite": {
      "version": "8.2.0",
      "resolved": "https://registry.npmjs.org/vite/-/vite-8.2.0.tgz",
      "integrity": "sha512-Y/f0wPGnVMEqrSzE7sTDWMtxfvKYy7t3UiQP6l5qsZDwqWPhHSf5s5dLr7mfwLQo8rlr9M6LLBuJjS5xK0L3A==",
      "dev": true
    }
  }
}
